github.com/catinello/base62 v0.0.0-20210103152244-29b605f01e9b h1:cmJ9DNW7ynZyRSbmMFJ196VoeyACx59l4evFWd6/fw0=
github.com/catinello/base62 v0.0.0-20210103152244-29b605f01e9b/go.mod h1:5LcXhHD4xsYgujv9TLgV4rIhOxGqBJgpdUG42MHSKaQ=
github.com/go-sql-driver/mysql v1.6.0 h1:BCTh4TKNUYmOmMUcQ3IipzF5prigylS7XXjEkfCHuOE=
github.com/go-sql-driver/mysql v1.6.0/go.mod h1:DCzpHaOWr8IXmIStZouvnhqoel9Qv2LBy8hT2VhHyBg=
github.com/gorilla/mux v1.8.0 h1:i40aqfkR1h2SlN9hojwV5ZA91wcXFOvkdNIeFDP5koI=
github.com/gorilla/mux v1.8.0/go.mod h1:DVbg23sWSpFRCP0SfiEN6jmj59UnW/n46BH5rLB71So=
